
Microsoft Visual Studio Solution File, Format Version 12.00
# Visual Studio Version 16
VisualStudioVersion = 16.0.30621.155
MinimumVisualStudioVersion = 10.0.40219.1
Project("{8BC9CEB8-8B4A-11D0-8D11-00A0C91BC942}") = "lab_4", "lab_4\lab_4.vcxproj", "{BDE0E3E5-D0C5-437E-844E-E0858E43930B}"
EndProject
Global
	GlobalSection(SolutionConfigurationPlatforms) = preSolution
		Debug|x64 = Debug|x64
		Debug|x86 = Debug|x86
		Release|x64 = Release|x64
		Release|x86 = Release|x86
	EndGlobalSection
	GlobalSection(ProjectConfigurationPlatforms) = postSolution
		{BDE0E3E5-D0C5-437E-844E-E0858E43930B}.Debug|x64.ActiveCfg = Debug|x64
		{BDE0E3E5-D0C5-437E-844E-E0858E43930B}.Debug|x64.Build.0 = Debug|x64
		{BDE0E3E5-D0C5-437E-844E-E0858E43930B}.Debug|x86.ActiveCfg = Debug|Win32
		{BDE0E3E5-D0C5-437E-844E-E0858E43930B}.Debug|x86.Build.0 = Debug|Win32
		{BDE0E3E5-D0C5-437E-844E-E0858E43930B}.Release|x64.ActiveCfg = Release|x64
		{BDE0E3E5-D0C5-437E-844E-E0858E43930B}.Release|x64.Build.0 = Release|x64
		{BDE0E3E5-D0C5-437E-844E-E0858E43930B}.Release|x86.ActiveCfg = Release|Win32
		{BDE0E3E5-D0C5-437E-844E-E0858E43930B}.Release|x86.Build.0 = Release|Win32
	EndGlobalSection
	GlobalSection(SolutionProperties) = preSolution
		HideSolutionNode = FALSE
	EndGlobalSection
	GlobalSection(ExtensibilityGlobals) = postSolution
		SolutionGuid = {5EF82D2A-38BD-4022-95CD-661123E8004A}
	EndGlobalSection
EndGlobal
