
Microsoft Visual Studio Solution File, Format Version 12.00
# Visual Studio Version 16
VisualStudioVersion = 16.0.30621.155
MinimumVisualStudioVersion = 10.0.40219.1
Project("{8BC9CEB8-8B4A-11D0-8D11-00A0C91BC942}") = "lab_5", "lab_5\lab_5.vcxproj", "{93181DC4-C286-499A-A0F2-BD0A658C1A8F}"
EndProject
Global
	GlobalSection(SolutionConfigurationPlatforms) = preSolution
		Debug|x64 = Debug|x64
		Debug|x86 = Debug|x86
		Release|x64 = Release|x64
		Release|x86 = Release|x86
	EndGlobalSection
	GlobalSection(ProjectConfigurationPlatforms) = postSolution
		{93181DC4-C286-499A-A0F2-BD0A658C1A8F}.Debug|x64.ActiveCfg = Debug|x64
		{93181DC4-C286-499A-A0F2-BD0A658C1A8F}.Debug|x64.Build.0 = Debug|x64
		{93181DC4-C286-499A-A0F2-BD0A658C1A8F}.Debug|x86.ActiveCfg = Debug|Win32
		{93181DC4-C286-499A-A0F2-BD0A658C1A8F}.Debug|x86.Build.0 = Debug|Win32
		{93181DC4-C286-499A-A0F2-BD0A658C1A8F}.Release|x64.ActiveCfg = Release|x64
		{93181DC4-C286-499A-A0F2-BD0A658C1A8F}.Release|x64.Build.0 = Release|x64
		{93181DC4-C286-499A-A0F2-BD0A658C1A8F}.Release|x86.ActiveCfg = Release|Win32
		{93181DC4-C286-499A-A0F2-BD0A658C1A8F}.Release|x86.Build.0 = Release|Win32
	EndGlobalSection
	GlobalSection(SolutionProperties) = preSolution
		HideSolutionNode = FALSE
	EndGlobalSection
	GlobalSection(ExtensibilityGlobals) = postSolution
		SolutionGuid = {B94B53F4-41E9-41EE-B53B-5FF789FD19FA}
	EndGlobalSection
EndGlobal
